// !$*UTF8*$!
{
	archiveVersion = 1;
	classes = {
	};
	objectVersion = 50;
	objects = {

/* Begin PBXBuildFile section */
		BC435A3E227CBD74001B3B47 /* Rest1.png in Resources */ = {isa = PBXBuildFile; fileRef = BC435A3D227CBD73001B3B47 /* Rest1.png */; };
		BC435A40227CBE81001B3B47 /* Rest2.png in Resources */ = {isa = PBXBuildFile; fileRef = BC435A3F227CBE81001B3B47 /* Rest2.png */; };
		BC435A4A227CD0DE001B3B47 /* obstacle1.png in Resources */ = {isa = PBXBuildFile; fileRef = BC435A49227CD0DE001B3B47 /* obstacle1.png */; };
		BC435A4C227CD0E5001B3B47 /* obstacle2.png in Resources */ = {isa = PBXBuildFile; fileRef = BC435A4B227CD0E5001B3B47 /* obstacle2.png */; };
		BC435A4E227D80F5001B3B47 /* MenuScene in Resources */ = {isa = PBXBuildFile; fileRef = BC435A4D227D80F5001B3B47 /* MenuScene */; };
		BC435A50227D812F001B3B47 /* MenuScene.m in Sources */ = {isa = PBXBuildFile; fileRef = BC435A4F227D812F001B3B47 /* MenuScene.m */; };
		BC435A53227E20E9001B3B47 /* obstacle3.png in Resources */ = {isa = PBXBuildFile; fileRef = BC435A52227E20E9001B3B47 /* obstacle3.png */; };
		BC435A55227E20F0001B3B47 /* obstacle4.png in Resources */ = {isa = PBXBuildFile; fileRef = BC435A54227E20F0001B3B47 /* obstacle4.png */; };
		BC435A57227E3434001B3B47 /* restartButton.png in Resources */ = {isa = PBXBuildFile; fileRef = BC435A56227E3433001B3B47 /* restartButton.png */; };
		BC537E67227C9E65002624C5 /* AppDelegate.m in Sources */ = {isa = PBXBuildFile; fileRef = BC537E66227C9E65002624C5 /* AppDelegate.m */; };
		BC537E69227C9E65002624C5 /* GameScene.sks in Resources */ = {isa = PBXBuildFile; fileRef = BC537E68227C9E65002624C5 /* GameScene.sks */; };
		BC537E6B227C9E65002624C5 /* Actions.sks in Resources */ = {isa = PBXBuildFile; fileRef = BC537E6A227C9E65002624C5 /* Actions.sks */; };
		BC537E6E227C9E65002624C5 /* GameScene.m in Sources */ = {isa = PBXBuildFile; fileRef = BC537E6D227C9E65002624C5 /* GameScene.m */; };
		BC537E71227C9E65002624C5 /* GameViewController.m in Sources */ = {isa = PBXBuildFile; fileRef = BC537E70227C9E65002624C5 /* GameViewController.m */; };
		BC537E74227C9E65002624C5 /* Main.storyboard in Resources */ = {isa = PBXBuildFile; fileRef = BC537E72227C9E65002624C5 /* Main.storyboard */; };
		BC537E76227C9E67002624C5 /* Assets.xcassets in Resources */ = {isa = PBXBuildFile; fileRef = BC537E75227C9E67002624C5 /* Assets.xcassets */; };
		BC537E79227C9E67002624C5 /* LaunchScreen.storyboard in Resources */ = {isa = PBXBuildFile; fileRef = BC537E77227C9E67002624C5 /* LaunchScreen.storyboard */; };
		BC537E7C227C9E67002624C5 /* main.m in Sources */ = {isa = PBXBuildFile; fileRef = BC537E7B227C9E67002624C5 /* main.m */; };
		BC537E89227CAE89002624C5 /* musicNote.png in Resources */ = {isa = PBXBuildFile; fileRef = BC537E88227CAE89002624C5 /* musicNote.png */; };
		BC537E8B227CAEA9002624C5 /* musicNote2.png in Resources */ = {isa = PBXBuildFile; fileRef = BC537E8A227CAEA8002624C5 /* musicNote2.png */; };
		BC537E8F227CBA65002624C5 /* background.png in Resources */ = {isa = PBXBuildFile; fileRef = BC537E8E227CBA65002624C5 /* background.png */; };
/* End PBXBuildFile section */

/* Begin PBXFileReference section */
		BC435A3D227CBD73001B3B47 /* Rest1.png */ = {isa = PBXFileReference; lastKnownFileType = image.png; path = Rest1.png; sourceTree = "<group>"; };
		BC435A3F227CBE81001B3B47 /* Rest2.png */ = {isa = PBXFileReference; lastKnownFileType = image.png; path = Rest2.png; sourceTree = "<group>"; };
		BC435A49227CD0DE001B3B47 /* obstacle1.png */ = {isa = PBXFileReference; lastKnownFileType = image.png; path = obstacle1.png; sourceTree = "<group>"; };
		BC435A4B227CD0E5001B3B47 /* obstacle2.png */ = {isa = PBXFileReference; lastKnownFileType = image.png; path = obstacle2.png; sourceTree = "<group>"; };
		BC435A4D227D80F5001B3B47 /* MenuScene */ = {isa = PBXFileReference; lastKnownFileType = file.bplist; path = MenuScene; sourceTree = "<group>"; };
		BC435A4F227D812F001B3B47 /* MenuScene.m */ = {isa = PBXFileReference; lastKnownFileType = sourcecode.c.objc; path = MenuScene.m; sourceTree = "<group>"; };
		BC435A51227D8225001B3B47 /* MenuScene.h */ = {isa = PBXFileReference; lastKnownFileType = sourcecode.c.h; path = MenuScene.h; sourceTree = "<group>"; };
		BC435A52227E20E9001B3B47 /* obstacle3.png */ = {isa = PBXFileReference; lastKnownFileType = image.png; path = obstacle3.png; sourceTree = "<group>"; };
		BC435A54227E20F0001B3B47 /* obstacle4.png */ = {isa = PBXFileReference; lastKnownFileType = image.png; path = obstacle4.png; sourceTree = "<group>"; };
		BC435A56227E3433001B3B47 /* restartButton.png */ = {isa = PBXFileReference; lastKnownFileType = image.png; path = restartButton.png; sourceTree = "<group>"; };
		BC537E62227C9E65002624C5 /* Scream_Jumper.app */ = {isa = PBXFileReference; explicitFileType = wrapper.application; includeInIndex = 0; path = Scream_Jumper.app; sourceTree = BUILT_PRODUCTS_DIR; };
		BC537E65227C9E65002624C5 /* AppDelegate.h */ = {isa = PBXFileReference; lastKnownFileType = sourcecode.c.h; path = AppDelegate.h; sourceTree = "<group>"; };
		BC537E66227C9E65002624C5 /* AppDelegate.m */ = {isa = PBXFileReference; lastKnownFileType = sourcecode.c.objc; path = AppDelegate.m; sourceTree = "<group>"; };
		BC537E68227C9E65002624C5 /* GameScene.sks */ = {isa = PBXFileReference; lastKnownFileType = file.sks; path = GameScene.sks; sourceTree = "<group>"; };
		BC537E6A227C9E65002624C5 /* Actions.sks */ = {isa = PBXFileReference; lastKnownFileType = file.sks; path = Actions.sks; sourceTree = "<group>"; };
		BC537E6C227C9E65002624C5 /* GameScene.h */ = {isa = PBXFileReference; lastKnownFileType = sourcecode.c.h; path = GameScene.h; sourceTree = "<group>"; };
		BC537E6D227C9E65002624C5 /* GameScene.m */ = {isa = PBXFileReference; lastKnownFileType = sourcecode.c.objc; path = GameScene.m; sourceTree = "<group>"; };
		BC537E6F227C9E65002624C5 /* GameViewController.h */ = {isa = PBXFileReference; lastKnownFileType = sourcecode.c.h; path = GameViewController.h; sourceTree = "<group>"; };
		BC537E70227C9E65002624C5 /* GameViewController.m */ = {isa = PBXFileReference; lastKnownFileType = sourcecode.c.objc; path = GameViewController.m; sourceTree = "<group>"; };
		BC537E73227C9E65002624C5 /* Base */ = {isa = PBXFileReference; lastKnownFileType = file.storyboard; name = Base; path = Base.lproj/Main.storyboard; sourceTree = "<group>"; };
		BC537E75227C9E67002624C5 /* Assets.xcassets */ = {isa = PBXFileReference; lastKnownFileType = folder.assetcatalog; path = Assets.xcassets; sourceTree = "<group>"; };
		BC537E78227C9E67002624C5 /* Base */ = {isa = PBXFileReference; lastKnownFileType = file.storyboard; name = Base; path = Base.lproj/LaunchScreen.storyboard; sourceTree = "<group>"; };
		BC537E7A227C9E67002624C5 /* Info.plist */ = {isa = PBXFileReference; lastKnownFileType = text.plist.xml; path = Info.plist; sourceTree = "<group>"; };
		BC537E7B227C9E67002624C5 /* main.m */ = {isa = PBXFileReference; lastKnownFileType = sourcecode.c.objc; path = main.m; sourceTree = "<group>"; };
		BC537E88227CAE89002624C5 /* musicNote.png */ = {isa = PBXFileReference; lastKnownFileType = image.png; path = musicNote.png; sourceTree = "<group>"; };
		BC537E8A227CAEA8002624C5 /* musicNote2.png */ = {isa = PBXFileReference; lastKnownFileType = image.png; path = musicNote2.png; sourceTree = "<group>"; };
		BC537E8E227CBA65002624C5 /* background.png */ = {isa = PBXFileReference; lastKnownFileType = image.png; path = background.png; sourceTree = "<group>"; };
/* End PBXFileReference section */

/* Begin PBXFrameworksBuildPhase section */
		BC537E5F227C9E65002624C5 /* Frameworks */ = {
			isa = PBXFrameworksBuildPhase;
			buildActionMask = 2147483647;
			files = (
			);
			runOnlyForDeploymentPostprocessing = 0;
		};
/* End PBXFrameworksBuildPhase section */

/* Begin PBXGroup section */
		BC537E59227C9E65002624C5 = {
			isa = PBXGroup;
			children = (
				BC537E64227C9E65002624C5 /* Scream_Jumper */,
				BC537E63227C9E65002624C5 /* Products */,
			);
			sourceTree = "<group>";
		};
		BC537E63227C9E65002624C5 /* Products */ = {
			isa = PBXGroup;
			children = (
				BC537E62227C9E65002624C5 /* Scream_Jumper.app */,
			);
			name = Products;
			sourceTree = "<group>";
		};
		BC537E64227C9E65002624C5 /* Scream_Jumper */ = {
			isa = PBXGroup;
			children = (
				BC435A56227E3433001B3B47 /* restartButton.png */,
				BC435A4B227CD0E5001B3B47 /* obstacle2.png */,
				BC435A49227CD0DE001B3B47 /* obstacle1.png */,
				BC435A52227E20E9001B3B47 /* obstacle3.png */,
				BC435A54227E20F0001B3B47 /* obstacle4.png */,
				BC435A3F227CBE81001B3B47 /* Rest2.png */,
				BC537E8E227CBA65002624C5 /* background.png */,
				BC435A3D227CBD73001B3B47 /* Rest1.png */,
				BC537E88227CAE89002624C5 /* musicNote.png */,
				BC537E8A227CAEA8002624C5 /* musicNote2.png */,
				BC537E65227C9E65002624C5 /* AppDelegate.h */,
				BC537E66227C9E65002624C5 /* AppDelegate.m */,
				BC537E68227C9E65002624C5 /* GameScene.sks */,
				BC537E6A227C9E65002624C5 /* Actions.sks */,
				BC537E6C227C9E65002624C5 /* GameScene.h */,
				BC537E6D227C9E65002624C5 /* GameScene.m */,
				BC537E6F227C9E65002624C5 /* GameViewController.h */,
				BC537E70227C9E65002624C5 /* GameViewController.m */,
				BC537E72227C9E65002624C5 /* Main.storyboard */,
				BC537E75227C9E67002624C5 /* Assets.xcassets */,
				BC537E77227C9E67002624C5 /* LaunchScreen.storyboard */,
				BC537E7A227C9E67002624C5 /* Info.plist */,
				BC537E7B227C9E67002624C5 /* main.m */,
				BC435A4D227D80F5001B3B47 /* MenuScene */,
				BC435A4F227D812F001B3B47 /* MenuScene.m */,
				BC435A51227D8225001B3B47 /* MenuScene.h */,
			);
			path = Scream_Jumper;
			sourceTree = "<group>";
		};
/* End PBXGroup section */

/* Begin PBXNativeTarget section */
		BC537E61227C9E65002624C5 /* Scream_Jumper */ = {
			isa = PBXNativeTarget;
			buildConfigurationList = BC537E7F227C9E67002624C5 /* Build configuration list for PBXNativeTarget "Scream_Jumper" */;
			buildPhases = (
				BC537E5E227C9E65002624C5 /* Sources */,
				BC537E5F227C9E65002624C5 /* Frameworks */,
				BC537E60227C9E65002624C5 /* Resources */,
			);
			buildRules = (
			);
			dependencies = (
			);
			name = Scream_Jumper;
			productName = Scream_Jumper;
			productReference = BC537E62227C9E65002624C5 /* Scream_Jumper.app */;
			productType = "com.apple.product-type.application";
		};
/* End PBXNativeTarget section */

/* Begin PBXProject section */
		BC537E5A227C9E65002624C5 /* Project object */ = {
			isa = PBXProject;
			attributes = {
				LastUpgradeCheck = 1020;
				ORGANIZATIONNAME = "Taehyun Cho";
				TargetAttributes = {
					BC537E61227C9E65002624C5 = {
						CreatedOnToolsVersion = 10.2.1;
					};
				};
			};
			buildConfigurationList = BC537E5D227C9E65002624C5 /* Build configuration list for PBXProject "Scream_Jumper" */;
			compatibilityVersion = "Xcode 9.3";
			developmentRegion = en;
			hasScannedForEncodings = 0;
			knownRegions = (
				en,
				Base,
			);
			mainGroup = BC537E59227C9E65002624C5;
			productRefGroup = BC537E63227C9E65002624C5 /* Products */;
			projectDirPath = "";
			projectRoot = "";
			targets = (
				BC537E61227C9E65002624C5 /* Scream_Jumper */,
			);
		};
/* End PBXProject section */

/* Begin PBXResourcesBuildPhase section */
		BC537E60227C9E65002624C5 /* Resources */ = {
			isa = PBXResourcesBuildPhase;
			buildActionMask = 2147483647;
			files = (
				BC435A40227CBE81001B3B47 /* Rest2.png in Resources */,
				BC537E74227C9E65002624C5 /* Main.storyboard in Resources */,
				BC537E89227CAE89002624C5 /* musicNote.png in Resources */,
				BC537E69227C9E65002624C5 /* GameScene.sks in Resources */,
				BC537E8B227CAEA9002624C5 /* musicNote2.png in Resources */,
				BC435A57227E3434001B3B47 /* restartButton.png in Resources */,
				BC435A55227E20F0001B3B47 /* obstacle4.png in Resources */,
				BC537E76227C9E67002624C5 /* Assets.xcassets in Resources */,
				BC435A4E227D80F5001B3B47 /* MenuScene in Resources */,
				BC435A4A227CD0DE001B3B47 /* obstacle1.png in Resources */,
				BC435A53227E20E9001B3B47 /* obstacle3.png in Resources */,
				BC537E79227C9E67002624C5 /* LaunchScreen.storyboard in Resources */,
				BC435A3E227CBD74001B3B47 /* Rest1.png in Resources */,
				BC537E8F227CBA65002624C5 /* background.png in Resources */,
				BC537E6B227C9E65002624C5 /* Actions.sks in Resources */,
				BC435A4C227CD0E5001B3B47 /* obstacle2.png in Resources */,
			);
			runOnlyForDeploymentPostprocessing = 0;
		};
/* End PBXResourcesBuildPhase section */

/* Begin PBXSourcesBuildPhase section */
		BC537E5E227C9E65002624C5 /* Sources */ = {
			isa = PBXSourcesBuildPhase;
			buildActionMask = 2147483647;
			files = (
				BC537E6E227C9E65002624C5 /* GameScene.m in Sources */,
				BC435A50227D812F001B3B47 /* MenuScene.m in Sources */,
				BC537E71227C9E65002624C5 /* GameViewController.m in Sources */,
				BC537E7C227C9E67002624C5 /* main.m in Sources */,
				BC537E67227C9E65002624C5 /* AppDelegate.m in Sources */,
			);
			runOnlyForDeploymentPostprocessing = 0;
		};
/* End PBXSourcesBuildPhase section */

/* Begin PBXVariantGroup section */
		BC537E72227C9E65002624C5 /* Main.storyboard */ = {
			isa = PBXVariantGroup;
			children = (
				BC537E73227C9E65002624C5 /* Base */,
			);
			name = Main.storyboard;
			sourceTree = "<group>";
		};
		BC537E77227C9E67002624C5 /* LaunchScreen.storyboard */ = {
			isa = PBXVariantGroup;
			children = (
				BC537E78227C9E67002624C5 /* Base */,
			);
			name = LaunchScreen.storyboard;
			sourceTree = "<group>";
		};
/* End PBXVariantGroup section */

/* Begin XCBuildConfiguration section */
		BC537E7D227C9E67002624C5 /* Debug */ = {
			isa = XCBuildConfiguration;
			buildSettings = {
				ALWAYS_SEARCH_USER_PATHS = NO;
				CLANG_ANALYZER_NONNULL = YES;
				CLANG_ANALYZER_NUMBER_OBJECT_CONVERSION = YES_AGGRESSIVE;
				CLANG_CXX_LANGUAGE_STANDARD = "gnu++14";
				CLANG_CXX_LIBRARY = "libc++";
				CLANG_ENABLE_MODULES = YES;
				CLANG_ENABLE_OBJC_ARC = YES;
				CLANG_ENABLE_OBJC_WEAK = YES;
				CLANG_WARN_BLOCK_CAPTURE_AUTORELEASING = YES;
				CLANG_WARN_BOOL_CONVERSION = YES;
				CLANG_WARN_COMMA = YES;
				CLANG_WARN_CONSTANT_CONVERSION = YES;
				CLANG_WARN_DEPRECATED_OBJC_IMPLEMENTATIONS = YES;
				CLANG_WARN_DIRECT_OBJC_ISA_USAGE = YES_ERROR;
				CLANG_WARN_DOCUMENTATION_COMMENTS = YES;
				CLANG_WARN_EMPTY_BODY = YES;
				CLANG_WARN_ENUM_CONVERSION = YES;
				CLANG_WARN_INFINITE_RECURSION = YES;
				CLANG_WARN_INT_CONVERSION = YES;
				CLANG_WARN_NON_LITERAL_NULL_CONVERSION = YES;
				CLANG_WARN_OBJC_IMPLICIT_RETAIN_SELF = YES;
				CLANG_WARN_OBJC_LITERAL_CONVERSION = YES;
				CLANG_WARN_OBJC_ROOT_CLASS = YES_ERROR;
				CLANG_WARN_RANGE_LOOP_ANALYSIS = YES;
				CLANG_WARN_STRICT_PROTOTYPES = YES;
				CLANG_WARN_SUSPICIOUS_MOVE = YES;
				CLANG_WARN_UNGUARDED_AVAILABILITY = YES_AGGRESSIVE;
				CLANG_WARN_UNREACHABLE_CODE = YES;
				CLANG_WARN__DUPLICATE_METHOD_MATCH = YES;
				CODE_SIGN_IDENTITY = "iPhone Developer";
				COPY_PHASE_STRIP = NO;
				DEBUG_INFORMATION_FORMAT = dwarf;
				ENABLE_STRICT_OBJC_MSGSEND = YES;
				ENABLE_TESTABILITY = YES;
				GCC_C_LANGUAGE_STANDARD = gnu11;
				GCC_DYNAMIC_NO_PIC = NO;
				GCC_NO_COMMON_BLOCKS = YES;
				GCC_OPTIMIZATION_LEVEL = 0;
				GCC_PREPROCESSOR_DEFINITIONS = (
					"DEBUG=1",
					"$(inherited)",
				);
				GCC_WARN_64_TO_32_BIT_CONVERSION = YES;
				GCC_WARN_ABOUT_RETURN_TYPE = YES_ERROR;
				GCC_WARN_UNDECLARED_SELECTOR = YES;
				GCC_WARN_UNINITIALIZED_AUTOS = YES_AGGRESSIVE;
				GCC_WARN_UNUSED_FUNCTION = YES;
				GCC_WARN_UNUSED_VARIABLE = YES;
				IPHONEOS_DEPLOYMENT_TARGET = 12.2;
				MTL_ENABLE_DEBUG_INFO = INCLUDE_SOURCE;
				MTL_FAST_MATH = YES;
				ONLY_ACTIVE_ARCH = YES;
				SDKROOT = iphoneos;
			};
			name = Debug;
		};
		BC537E7E227C9E67002624C5 /* Release */ = {
			isa = XCBuildConfiguration;
			buildSettings = {
				ALWAYS_SEARCH_USER_PATHS = NO;
				CLANG_ANALYZER_NONNULL = YES;
				CLANG_ANALYZER_NUMBER_OBJECT_CONVERSION = YES_AGGRESSIVE;
				CLANG_CXX_LANGUAGE_STANDARD = "gnu++14";
				CLANG_CXX_LIBRARY = "libc++";
				CLANG_ENABLE_MODULES = YES;
				CLANG_ENABLE_OBJC_ARC = YES;
				CLANG_ENABLE_OBJC_WEAK = YES;
				CLANG_WARN_BLOCK_CAPTURE_AUTORELEASING = YES;
				CLANG_WARN_BOOL_CONVERSION = YES;
				CLANG_WARN_COMMA = YES;
				CLANG_WARN_CONSTANT_CONVERSION = YES;
				CLANG_WARN_DEPRECATED_OBJC_IMPLEMENTATIONS = YES;
				CLANG_WARN_DIRECT_OBJC_ISA_USAGE = YES_ERROR;
				CLANG_WARN_DOCUMENTATION_COMMENTS = YES;
				CLANG_WARN_EMPTY_BODY = YES;
				CLANG_WARN_ENUM_CONVERSION = YES;
				CLANG_WARN_INFINITE_RECURSION = YES;
				CLANG_WARN_INT_CONVERSION = YES;
				CLANG_WARN_NON_LITERAL_NULL_CONVERSION = YES;
				CLANG_WARN_OBJC_IMPLICIT_RETAIN_SELF = YES;
				CLANG_WARN_OBJC_LITERAL_CONVERSION = YES;
				CLANG_WARN_OBJC_ROOT_CLASS = YES_ERROR;
				CLANG_WARN_RANGE_LOOP_ANALYSIS = YES;
				CLANG_WARN_STRICT_PROTOTYPES = YES;
				CLANG_WARN_SUSPICIOUS_MOVE = YES;
				CLANG_WARN_UNGUARDED_AVAILABILITY = YES_AGGRESSIVE;
				CLANG_WARN_UNREACHABLE_CODE = YES;
				CLANG_WARN__DUPLICATE_METHOD_MATCH = YES;
				CODE_SIGN_IDENTITY = "iPhone Developer";
				COPY_PHASE_STRIP = NO;
				DEBUG_INFORMATION_FORMAT = "dwarf-with-dsym";
				ENABLE_NS_ASSERTIONS = NO;
				ENABLE_STRICT_OBJC_MSGSEND = YES;
				GCC_C_LANGUAGE_STANDARD = gnu11;
				GCC_NO_COMMON_BLOCKS = YES;
				GCC_WARN_64_TO_32_BIT_CONVERSION = YES;
				GCC_WARN_ABOUT_RETURN_TYPE = YES_ERROR;
				GCC_WARN_UNDECLARED_SELECTOR = YES;
				GCC_WARN_UNINITIALIZED_AUTOS = YES_AGGRESSIVE;
				GCC_WARN_UNUSED_FUNCTION = YES;
				GCC_WARN_UNUSED_VARIABLE = YES;
				IPHONEOS_DEPLOYMENT_TARGET = 12.2;
				MTL_ENABLE_DEBUG_INFO = NO;
				MTL_FAST_MATH = YES;
				SDKROOT = iphoneos;
				VALIDATE_PRODUCT = YES;
			};
			name = Release;
		};
		BC537E80227C9E67002624C5 /* Debug */ = {
			isa = XCBuildConfiguration;
			buildSettings = {
				ASSETCATALOG_COMPILER_APPICON_NAME = AppIcon;
				CODE_SIGN_STYLE = Automatic;
				DEVELOPMENT_TEAM = 9UQB57TUFA;
				INFOPLIST_FILE = Scream_Jumper/Info.plist;
				LD_RUNPATH_SEARCH_PATHS = (
					"$(inherited)",
					"@executable_path/Frameworks",
				);
				PRODUCT_BUNDLE_IDENTIFIER = "Cho.Inc.Scream-Jumper";
				PRODUCT_NAME = "$(TARGET_NAME)";
				TARGETED_DEVICE_FAMILY = "1,2";
			};
			name = Debug;
		};
		BC537E81227C9E67002624C5 /* Release */ = {
			isa = XCBuildConfiguration;
			buildSettings = {
				ASSETCATALOG_COMPILER_APPICON_NAME = AppIcon;
				CODE_SIGN_STYLE = Automatic;
				DEVELOPMENT_TEAM = 9UQB57TUFA;
				INFOPLIST_FILE = Scream_Jumper/Info.plist;
				LD_RUNPATH_SEARCH_PATHS = (
					"$(inherited)",
					"@executable_path/Frameworks",
				);
				PRODUCT_BUNDLE_IDENTIFIER = "Cho.Inc.Scream-Jumper";
				PRODUCT_NAME = "$(TARGET_NAME)";
				TARGETED_DEVICE_FAMILY = "1,2";
			};
			name = Release;
		};
/* End XCBuildConfiguration section */

/* Begin XCConfigurationList section */
		BC537E5D227C9E65002624C5 /* Build configuration list for PBXProject "Scream_Jumper" */ = {
			isa = XCConfigurationList;
			buildConfigurations = (
				BC537E7D227C9E67002624C5 /* Debug */,
				BC537E7E227C9E67002624C5 /* Release */,
			);
			defaultConfigurationIsVisible = 0;
			defaultConfigurationName = Release;
		};
		BC537E7F227C9E67002624C5 /* Build configuration list for PBXNativeTarget "Scream_Jumper" */ = {
			isa = XCConfigurationList;
			buildConfigurations = (
				BC537E80227C9E67002624C5 /* Debug */,
				BC537E81227C9E67002624C5 /* Release */,
			);
			defaultConfigurationIsVisible = 0;
			defaultConfigurationName = Release;
		};
/* End XCConfigurationList section */
	};
	rootObject = BC537E5A227C9E65002624C5 /* Project object */;
}
